<?xml version="1.0" encoding="utf-8"?>
<Project ToolsVersion="4.0" xmlns="http://schemas.microsoft.com/developer/msbuild/2003">
  <ItemGroup>
    <Filter Include="ai22m020">
      <UniqueIdentifier>{322FAF0B-1EFC-0917-4715-F8BE33413FA5}</UniqueIdentifier>
    </Filter>
    <Filter Include="ai22m020\Events">
      <UniqueIdentifier>{D68E3537-421A-A3FB-4B2B-26F0B735FFFB}</UniqueIdentifier>
    </Filter>
  </ItemGroup>
  <ItemGroup>
    <ClInclude Include="src\AI22M020.h" />
    <ClInclude Include="src\ai22m020\Application.h">
      <Filter>ai22m020</Filter>
    </ClInclude>
    <ClInclude Include="src\ai22m020\Core.h">
      <Filter>ai22m020</Filter>
    </ClInclude>
    <ClInclude Include="src\ai22m020\EntryPoint.h">
      <Filter>ai22m020</Filter>
    </ClInclude>
    <ClInclude Include="src\ai22m020\Events\ApplicationEvent.h">
      <Filter>ai22m020\Events</Filter>
    </ClInclude>
    <ClInclude Include="src\ai22m020\Events\Event.h">
      <Filter>ai22m020\Events</Filter>
    </ClInclude>
    <ClInclude Include="src\ai22m020\Events\KeyEvent.h">
      <Filter>ai22m020\Events</Filter>
    </ClInclude>
    <ClInclude Include="src\ai22m020\Events\MouseEvent.h">
      <Filter>ai22m020\Events</Filter>
    </ClInclude>
    <ClInclude Include="src\ai22m020\Log.h">
      <Filter>ai22m020</Filter>
    </ClInclude>
  </ItemGroup>
  <ItemGroup>
    <ClCompile Include="src\ai22m020\Application.cpp">
      <Filter>ai22m020</Filter>
    </ClCompile>
    <ClCompile Include="src\ai22m020\Log.cpp">
      <Filter>ai22m020</Filter>
    </ClCompile>
  </ItemGroup>
</Project>